
Microsoft Visual Studio Solution File, Format Version 12.00
# Visual Studio 15
VisualStudioVersion = 15.0.27130.2010
MinimumVisualStudioVersion = 10.0.40219.1
Project("{FAE04EC0-301F-11D3-BF4B-00C04F79EFBC}") = "DS Gadget", "DS Gadget\DS Gadget.csproj", "{F631457A-069E-4BC0-A080-ADF54735FCE3}"
EndProject
Global
	GlobalSection(SolutionConfigurationPlatforms) = preSolution
		Debug|x86 = Debug|x86
		Release|x86 = Release|x86
	EndGlobalSection
	GlobalSection(ProjectConfigurationPlatforms) = postSolution
		{F631457A-069E-4BC0-A080-ADF54735FCE3}.Debug|x86.ActiveCfg = Debug|x86
		{F631457A-069E-4BC0-A080-ADF54735FCE3}.Debug|x86.Build.0 = Debug|x86
		{F631457A-069E-4BC0-A080-ADF54735FCE3}.Release|x86.ActiveCfg = Release|x86
		{F631457A-069E-4BC0-A080-ADF54735FCE3}.Release|x86.Build.0 = Release|x86
	EndGlobalSection
	GlobalSection(SolutionProperties) = preSolution
		HideSolutionNode = FALSE
	EndGlobalSection
	GlobalSection(ExtensibilityGlobals) = postSolution
		SolutionGuid = {441F2934-1AB7-4F96-989F-BD201777F59E}
	EndGlobalSection
EndGlobal
